{
  "requires": true,
  "lockfileVersion": 1,
  "dependencies": {
    "@angular/common": {
      "version": "11.0.5",
      "resolved": "https://registry.npmjs.org/@angular/common/-/common-11.0.5.tgz",
      "integrity": "sha512-aoXdTkoni65LWhrPKNsAiOnO70XFaTaisO+K8ZYMpciMTTAxHx3hFCF9sj4a+Bo3M1a5UDjpsFDYMeGgJOkmFA==",
      "requires": {
        "tslib": "^2.0.0"
      }
    },
    "@angular/core": {
      "version": "11.0.5",
      "resolved": "https://registry.npmjs.org/@angular/core/-/core-11.0.5.tgz",
      "integrity": "sha512-XAXWQi7R3ucZXQwx9QK5jSKJeQyRJ53u2dQDpr7R5stzeCy1a5hrNOkZLg9zOTTPcth/6+FrOrRZP9SMdxtw3w==",
      "requires": {
        "tslib": "^2.0.0"
      }
    },
    "ngx-spinner": {
      "version": "10.0.1",
      "resolved": "https://registry.npmjs.org/ngx-spinner/-/ngx-spinner-10.0.1.tgz",
      "integrity": "sha512-3fkzS4t+oKg1jobUmWxeGD3zLymdIOMijib517tgrDnW4Q2fKKwZPVCfTR5ztm9G0/l9G/DRoOoBcHPPupUBdg==",
      "requires": {
        "tslib": "^2.0.0"
      }
    },
    "tslib": {
      "version": "2.0.3",
      "resolved": "https://registry.npmjs.org/tslib/-/tslib-2.0.3.tgz",
      "integrity": "sha512-uZtkfKblCEQtZKBF6EBXVZeQNl82yqtDQdv+eck8u7tdPxjLu2/lp5/uPW+um2tpuxINHWy3GhiccY7QgEaVHQ=="
    }
  }
}
